
Microsoft Visual Studio Solution File, Format Version 12.00
# Visual Studio Version 17
VisualStudioVersion = 17.7.34031.279
MinimumVisualStudioVersion = 10.0.40219.1
Project("{FAE04EC0-301F-11D3-BF4B-00C04F79EFBC}") = "Conversion of Decimal", "Conversion of Decimal\Conversion of Decimal.csproj", "{E407E51B-BEFA-4EBF-9231-C77AA44E67FE}"
EndProject
Project("{2150E333-8FDC-42A3-9474-1A3956D46DE8}") = "Solution Items", "Solution Items", "{D09A7691-1261-4D28-AF09-0D733F13974A}"
EndProject
Global
	GlobalSection(SolutionConfigurationPlatforms) = preSolution
		Debug|Any CPU = Debug|Any CPU
		Release|Any CPU = Release|Any CPU
	EndGlobalSection
	GlobalSection(ProjectConfigurationPlatforms) = postSolution
		{E407E51B-BEFA-4EBF-9231-C77AA44E67FE}.Debug|Any CPU.ActiveCfg = Debug|Any CPU
		{E407E51B-BEFA-4EBF-9231-C77AA44E67FE}.Debug|Any CPU.Build.0 = Debug|Any CPU
		{E407E51B-BEFA-4EBF-9231-C77AA44E67FE}.Release|Any CPU.ActiveCfg = Release|Any CPU
		{E407E51B-BEFA-4EBF-9231-C77AA44E67FE}.Release|Any CPU.Build.0 = Release|Any CPU
	EndGlobalSection
	GlobalSection(SolutionProperties) = preSolution
		HideSolutionNode = FALSE
	EndGlobalSection
	GlobalSection(ExtensibilityGlobals) = postSolution
		SolutionGuid = {E8DA5B20-7FBE-420D-93AD-64BEEE54FD3B}
	EndGlobalSection
EndGlobal
